{
  "requires": true,
  "lockfileVersion": 1,
  "dependencies": {
    "ckeditor4": {
      "version": "4.16.0",
      "resolved": "https://registry.npmjs.org/ckeditor4/-/ckeditor4-4.16.0.tgz",
      "integrity": "sha512-ya5M1+MN53tdfDc2vY2JfV6KrFMyuJolhcTAKCv5S6YarwgMXOpj7zEO1rwVgEX4aaNJrBp6CjxPuiN2qzYs5g=="
    }
  }
}
